
Microsoft Visual Studio Solution File, Format Version 12.00
# Visual Studio Version 17
VisualStudioVersion = 17.6.33829.357
MinimumVisualStudioVersion = 10.0.40219.1
Project("{FAE04EC0-301F-11D3-BF4B-00C04F79EFBC}") = "conceitosBasicos", "conceitosBasicos\conceitosBasicos.csproj", "{CBDC92EF-1BB6-4BB7-B32D-8FBD08B7E166}"
EndProject
Global
	GlobalSection(SolutionConfigurationPlatforms) = preSolution
		Debug|Any CPU = Debug|Any CPU
		Release|Any CPU = Release|Any CPU
	EndGlobalSection
	GlobalSection(ProjectConfigurationPlatforms) = postSolution
		{CBDC92EF-1BB6-4BB7-B32D-8FBD08B7E166}.Debug|Any CPU.ActiveCfg = Debug|Any CPU
		{CBDC92EF-1BB6-4BB7-B32D-8FBD08B7E166}.Debug|Any CPU.Build.0 = Debug|Any CPU
		{CBDC92EF-1BB6-4BB7-B32D-8FBD08B7E166}.Release|Any CPU.ActiveCfg = Release|Any CPU
		{CBDC92EF-1BB6-4BB7-B32D-8FBD08B7E166}.Release|Any CPU.Build.0 = Release|Any CPU
	EndGlobalSection
	GlobalSection(SolutionProperties) = preSolution
		HideSolutionNode = FALSE
	EndGlobalSection
	GlobalSection(ExtensibilityGlobals) = postSolution
		SolutionGuid = {D7107CC2-E660-42D8-9E79-107CDEB016EA}
	EndGlobalSection
EndGlobal
